
Microsoft Visual Studio Solution File, Format Version 12.00
# Visual Studio Version 17
VisualStudioVersion = 17.3.32819.101
MinimumVisualStudioVersion = 10.0.40219.1
Project("{FAE04EC0-301F-11D3-BF4B-00C04F79EFBC}") = "Uppgift 5.2", "Uppgift 5.2\Uppgift 5.2.csproj", "{D1F539C3-1DA5-477F-895C-BEE1DDB9964D}"
EndProject
Global
	GlobalSection(SolutionConfigurationPlatforms) = preSolution
		Debug|Any CPU = Debug|Any CPU
		Release|Any CPU = Release|Any CPU
	EndGlobalSection
	GlobalSection(ProjectConfigurationPlatforms) = postSolution
		{D1F539C3-1DA5-477F-895C-BEE1DDB9964D}.Debug|Any CPU.ActiveCfg = Debug|Any CPU
		{D1F539C3-1DA5-477F-895C-BEE1DDB9964D}.Debug|Any CPU.Build.0 = Debug|Any CPU
		{D1F539C3-1DA5-477F-895C-BEE1DDB9964D}.Release|Any CPU.ActiveCfg = Release|Any CPU
		{D1F539C3-1DA5-477F-895C-BEE1DDB9964D}.Release|Any CPU.Build.0 = Release|Any CPU
	EndGlobalSection
	GlobalSection(SolutionProperties) = preSolution
		HideSolutionNode = FALSE
	EndGlobalSection
	GlobalSection(ExtensibilityGlobals) = postSolution
		SolutionGuid = {F58164AE-49A9-49EA-B232-C4020AFDF78B}
	EndGlobalSection
EndGlobal
